
Microsoft Visual Studio Solution File, Format Version 12.00
# Visual Studio Version 17
VisualStudioVersion = 17.9.34902.65
MinimumVisualStudioVersion = 10.0.40219.1
Project("{9A19103F-16F7-4668-BE54-9A1E7A4F7556}") = "MarketPlace", "MarketPlace\MarketPlace.csproj", "{EC52D161-02D5-46E3-A38C-A280DB0D13B7}"
EndProject
Project("{9A19103F-16F7-4668-BE54-9A1E7A4F7556}") = "MarketPlace.ProductAPI", "MarketPlace.Product\MarketPlace.ProductAPI.csproj", "{796ED3B6-3B07-4042-ADFD-75235E5D3CFE}"
EndProject
Project("{9A19103F-16F7-4668-BE54-9A1E7A4F7556}") = "MarketPlace.CategoryAPI", "MarketPlace.CategoryAPI\MarketPlace.CategoryAPI.csproj", "{0AD0F4BC-1337-4980-8CB8-76E9BDC9D74C}"
EndProject
Project("{9A19103F-16F7-4668-BE54-9A1E7A4F7556}") = "MarketPlace.AuthAPI", "MarketPlace.Brand\MarketPlace.AuthAPI.csproj", "{50BF2F82-A6E0-4F2C-857F-F89A74450772}"
EndProject
Project("{9A19103F-16F7-4668-BE54-9A1E7A4F7556}") = "MarketPlace.CouponAPI", "MarketPlace.CouponAPI\MarketPlace.CouponAPI.csproj", "{F1443CF8-B9BB-4ABA-AB02-E64131608295}"
EndProject
Project("{9A19103F-16F7-4668-BE54-9A1E7A4F7556}") = "MarketPlace.Gateway", "MarketPlace.Gateway\MarketPlace.Gateway.csproj", "{F1B2D68A-F12E-430C-962D-B0570A0DE4E2}"
EndProject
Project("{9A19103F-16F7-4668-BE54-9A1E7A4F7556}") = "MarketPlace.OrderAPI", "MarketPlace.OrderAPI\MarketPlace.OrderAPI.csproj", "{C08D3C0C-5E93-43AC-9C3D-42A5A91D1FDC}"
EndProject
Project("{9A19103F-16F7-4668-BE54-9A1E7A4F7556}") = "MarketPlace.Cart", "MarketPlace.Cart\MarketPlace.Cart.csproj", "{0815C8B3-668C-4B47-8D30-29712932D86B}"
EndProject
Project("{FAE04EC0-301F-11D3-BF4B-00C04F79EFBC}") = "MarketPlace.EmailSender", "MarketPlace.EmailSender\MarketPlace.EmailSender.csproj", "{33579D26-5620-4560-8FC4-C77CEF1CC35C}"
EndProject
Project("{FAE04EC0-301F-11D3-BF4B-00C04F79EFBC}") = "MarketPlace.EmailBrokerAPI", "MarketPlace.EmailBrokerAPI\MarketPlace.EmailBrokerAPI.csproj", "{F5C0A93B-24B5-4B6C-B2EB-21FC24318CD6}"
EndProject
Global
	GlobalSection(SolutionConfigurationPlatforms) = preSolution
		Debug|Any CPU = Debug|Any CPU
		Release|Any CPU = Release|Any CPU
	EndGlobalSection
	GlobalSection(ProjectConfigurationPlatforms) = postSolution
		{EC52D161-02D5-46E3-A38C-A280DB0D13B7}.Debug|Any CPU.ActiveCfg = Debug|Any CPU
		{EC52D161-02D5-46E3-A38C-A280DB0D13B7}.Debug|Any CPU.Build.0 = Debug|Any CPU
		{EC52D161-02D5-46E3-A38C-A280DB0D13B7}.Release|Any CPU.ActiveCfg = Release|Any CPU
		{EC52D161-02D5-46E3-A38C-A280DB0D13B7}.Release|Any CPU.Build.0 = Release|Any CPU
		{796ED3B6-3B07-4042-ADFD-75235E5D3CFE}.Debug|Any CPU.ActiveCfg = Debug|Any CPU
		{796ED3B6-3B07-4042-ADFD-75235E5D3CFE}.Debug|Any CPU.Build.0 = Debug|Any CPU
		{796ED3B6-3B07-4042-ADFD-75235E5D3CFE}.Release|Any CPU.ActiveCfg = Release|Any CPU
		{796ED3B6-3B07-4042-ADFD-75235E5D3CFE}.Release|Any CPU.Build.0 = Release|Any CPU
		{0AD0F4BC-1337-4980-8CB8-76E9BDC9D74C}.Debug|Any CPU.ActiveCfg = Debug|Any CPU
		{0AD0F4BC-1337-4980-8CB8-76E9BDC9D74C}.Debug|Any CPU.Build.0 = Debug|Any CPU
		{0AD0F4BC-1337-4980-8CB8-76E9BDC9D74C}.Release|Any CPU.ActiveCfg = Release|Any CPU
		{0AD0F4BC-1337-4980-8CB8-76E9BDC9D74C}.Release|Any CPU.Build.0 = Release|Any CPU
		{50BF2F82-A6E0-4F2C-857F-F89A74450772}.Debug|Any CPU.ActiveCfg = Debug|Any CPU
		{50BF2F82-A6E0-4F2C-857F-F89A74450772}.Debug|Any CPU.Build.0 = Debug|Any CPU
		{50BF2F82-A6E0-4F2C-857F-F89A74450772}.Release|Any CPU.ActiveCfg = Release|Any CPU
		{50BF2F82-A6E0-4F2C-857F-F89A74450772}.Release|Any CPU.Build.0 = Release|Any CPU
		{F1443CF8-B9BB-4ABA-AB02-E64131608295}.Debug|Any CPU.ActiveCfg = Debug|Any CPU
		{F1443CF8-B9BB-4ABA-AB02-E64131608295}.Debug|Any CPU.Build.0 = Debug|Any CPU
		{F1443CF8-B9BB-4ABA-AB02-E64131608295}.Release|Any CPU.ActiveCfg = Release|Any CPU
		{F1443CF8-B9BB-4ABA-AB02-E64131608295}.Release|Any CPU.Build.0 = Release|Any CPU
		{F1B2D68A-F12E-430C-962D-B0570A0DE4E2}.Debug|Any CPU.ActiveCfg = Debug|Any CPU
		{F1B2D68A-F12E-430C-962D-B0570A0DE4E2}.Debug|Any CPU.Build.0 = Debug|Any CPU
		{F1B2D68A-F12E-430C-962D-B0570A0DE4E2}.Release|Any CPU.ActiveCfg = Release|Any CPU
		{F1B2D68A-F12E-430C-962D-B0570A0DE4E2}.Release|Any CPU.Build.0 = Release|Any CPU
		{C08D3C0C-5E93-43AC-9C3D-42A5A91D1FDC}.Debug|Any CPU.ActiveCfg = Debug|Any CPU
		{C08D3C0C-5E93-43AC-9C3D-42A5A91D1FDC}.Debug|Any CPU.Build.0 = Debug|Any CPU
		{C08D3C0C-5E93-43AC-9C3D-42A5A91D1FDC}.Release|Any CPU.ActiveCfg = Release|Any CPU
		{C08D3C0C-5E93-43AC-9C3D-42A5A91D1FDC}.Release|Any CPU.Build.0 = Release|Any CPU
		{0815C8B3-668C-4B47-8D30-29712932D86B}.Debug|Any CPU.ActiveCfg = Debug|Any CPU
		{0815C8B3-668C-4B47-8D30-29712932D86B}.Debug|Any CPU.Build.0 = Debug|Any CPU
		{0815C8B3-668C-4B47-8D30-29712932D86B}.Release|Any CPU.ActiveCfg = Release|Any CPU
		{0815C8B3-668C-4B47-8D30-29712932D86B}.Release|Any CPU.Build.0 = Release|Any CPU
		{33579D26-5620-4560-8FC4-C77CEF1CC35C}.Debug|Any CPU.ActiveCfg = Debug|Any CPU
		{33579D26-5620-4560-8FC4-C77CEF1CC35C}.Debug|Any CPU.Build.0 = Debug|Any CPU
		{33579D26-5620-4560-8FC4-C77CEF1CC35C}.Release|Any CPU.ActiveCfg = Release|Any CPU
		{33579D26-5620-4560-8FC4-C77CEF1CC35C}.Release|Any CPU.Build.0 = Release|Any CPU
		{F5C0A93B-24B5-4B6C-B2EB-21FC24318CD6}.Debug|Any CPU.ActiveCfg = Debug|Any CPU
		{F5C0A93B-24B5-4B6C-B2EB-21FC24318CD6}.Debug|Any CPU.Build.0 = Debug|Any CPU
		{F5C0A93B-24B5-4B6C-B2EB-21FC24318CD6}.Release|Any CPU.ActiveCfg = Release|Any CPU
		{F5C0A93B-24B5-4B6C-B2EB-21FC24318CD6}.Release|Any CPU.Build.0 = Release|Any CPU
	EndGlobalSection
	GlobalSection(SolutionProperties) = preSolution
		HideSolutionNode = FALSE
	EndGlobalSection
	GlobalSection(ExtensibilityGlobals) = postSolution
		SolutionGuid = {EB53495D-854D-4FA9-8F33-316860E08140}
	EndGlobalSection
EndGlobal
